
Microsoft Visual Studio Solution File, Format Version 12.00
# Visual Studio 15
VisualStudioVersion = 15.0.28307.1525
MinimumVisualStudioVersion = 10.0.40219.1
Project("{FAE04EC0-301F-11D3-BF4B-00C04F79EFBC}") = "OBS", "OBS\OBS.csproj", "{AEBDD975-A4C2-473D-AD3D-B2925B4E1DC9}"
EndProject
Global
	GlobalSection(SolutionConfigurationPlatforms) = preSolution
		Debug|Any CPU = Debug|Any CPU
		Release|Any CPU = Release|Any CPU
	EndGlobalSection
	GlobalSection(ProjectConfigurationPlatforms) = postSolution
		{AEBDD975-A4C2-473D-AD3D-B2925B4E1DC9}.Debug|Any CPU.ActiveCfg = Debug|Any CPU
		{AEBDD975-A4C2-473D-AD3D-B2925B4E1DC9}.Debug|Any CPU.Build.0 = Debug|Any CPU
		{AEBDD975-A4C2-473D-AD3D-B2925B4E1DC9}.Release|Any CPU.ActiveCfg = Release|Any CPU
		{AEBDD975-A4C2-473D-AD3D-B2925B4E1DC9}.Release|Any CPU.Build.0 = Release|Any CPU
	EndGlobalSection
	GlobalSection(SolutionProperties) = preSolution
		HideSolutionNode = FALSE
	EndGlobalSection
	GlobalSection(ExtensibilityGlobals) = postSolution
		SolutionGuid = {481F678E-EC74-4DC4-B695-F6BA2963D5C9}
	EndGlobalSection
EndGlobal
